
Microsoft Visual Studio Solution File, Format Version 12.00
# Visual Studio Version 17
VisualStudioVersion = 17.3.32825.248
MinimumVisualStudioVersion = 10.0.40219.1
Project("{8BC9CEB8-8B4A-11D0-8D11-00A0C91BC942}") = "ParticlePropagation", "ParticlePropagation.vcxproj", "{AB89388C-BF90-495B-B2AD-FE9E3626ACBD}"
EndProject
Global
	GlobalSection(SolutionConfigurationPlatforms) = preSolution
		Debug|x64 = Debug|x64
		Debug|x86 = Debug|x86
		Release|x64 = Release|x64
		Release|x86 = Release|x86
	EndGlobalSection
	GlobalSection(ProjectConfigurationPlatforms) = postSolution
		{AB89388C-BF90-495B-B2AD-FE9E3626ACBD}.Debug|x64.ActiveCfg = Debug|x64
		{AB89388C-BF90-495B-B2AD-FE9E3626ACBD}.Debug|x64.Build.0 = Debug|x64
		{AB89388C-BF90-495B-B2AD-FE9E3626ACBD}.Debug|x86.ActiveCfg = Debug|Win32
		{AB89388C-BF90-495B-B2AD-FE9E3626ACBD}.Debug|x86.Build.0 = Debug|Win32
		{AB89388C-BF90-495B-B2AD-FE9E3626ACBD}.Release|x64.ActiveCfg = Release|x64
		{AB89388C-BF90-495B-B2AD-FE9E3626ACBD}.Release|x64.Build.0 = Release|x64
		{AB89388C-BF90-495B-B2AD-FE9E3626ACBD}.Release|x86.ActiveCfg = Release|Win32
		{AB89388C-BF90-495B-B2AD-FE9E3626ACBD}.Release|x86.Build.0 = Release|Win32
	EndGlobalSection
	GlobalSection(SolutionProperties) = preSolution
		HideSolutionNode = FALSE
	EndGlobalSection
	GlobalSection(ExtensibilityGlobals) = postSolution
		SolutionGuid = {31BF4034-4611-4578-BAEF-61DB7629CE8F}
	EndGlobalSection
EndGlobal
